
Microsoft Visual Studio Solution File, Format Version 12.00
# Visual Studio Version 17
VisualStudioVersion = 17.7.34031.279
MinimumVisualStudioVersion = 10.0.40219.1
Project("{FAE04EC0-301F-11D3-BF4B-00C04F79EFBC}") = "ConsoleApp1", "ConsoleApp1\ConsoleApp1.csproj", "{BDFED86C-612E-4D28-AEC2-FD042EA1BF40}"
EndProject
Global
	GlobalSection(SolutionConfigurationPlatforms) = preSolution
		Debug|Any CPU = Debug|Any CPU
		Release|Any CPU = Release|Any CPU
	EndGlobalSection
	GlobalSection(ProjectConfigurationPlatforms) = postSolution
		{BDFED86C-612E-4D28-AEC2-FD042EA1BF40}.Debug|Any CPU.ActiveCfg = Debug|Any CPU
		{BDFED86C-612E-4D28-AEC2-FD042EA1BF40}.Debug|Any CPU.Build.0 = Debug|Any CPU
		{BDFED86C-612E-4D28-AEC2-FD042EA1BF40}.Release|Any CPU.ActiveCfg = Release|Any CPU
		{BDFED86C-612E-4D28-AEC2-FD042EA1BF40}.Release|Any CPU.Build.0 = Release|Any CPU
	EndGlobalSection
	GlobalSection(SolutionProperties) = preSolution
		HideSolutionNode = FALSE
	EndGlobalSection
	GlobalSection(ExtensibilityGlobals) = postSolution
		SolutionGuid = {3D0D6CA3-1823-42C5-847A-1FF806D112B7}
	EndGlobalSection
EndGlobal
